
Microsoft Visual Studio Solution File, Format Version 12.00
# Visual Studio 15
VisualStudioVersion = 15.0.27428.2037
MinimumVisualStudioVersion = 10.0.40219.1
Project("{9A19103F-16F7-4668-BE54-9A1E7A4F7556}") = "dotnetcore-rest-api", "dotnetcore-rest-api\dotnetcore-rest-api.csproj", "{713DF681-3F8D-46DD-B7B3-6E66AA29515F}"
EndProject
Project("{E53339B2-1760-4266-BCC7-CA923CBCF16C}") = "docker-compose", "docker-compose.dcproj", "{5ADA3288-F733-4A2B-8F5A-DA59CFE142CC}"
EndProject
Global
	GlobalSection(SolutionConfigurationPlatforms) = preSolution
		Debug|Any CPU = Debug|Any CPU
		Release|Any CPU = Release|Any CPU
	EndGlobalSection
	GlobalSection(ProjectConfigurationPlatforms) = postSolution
		{713DF681-3F8D-46DD-B7B3-6E66AA29515F}.Debug|Any CPU.ActiveCfg = Debug|Any CPU
		{713DF681-3F8D-46DD-B7B3-6E66AA29515F}.Debug|Any CPU.Build.0 = Debug|Any CPU
		{713DF681-3F8D-46DD-B7B3-6E66AA29515F}.Release|Any CPU.ActiveCfg = Release|Any CPU
		{713DF681-3F8D-46DD-B7B3-6E66AA29515F}.Release|Any CPU.Build.0 = Release|Any CPU
		{5ADA3288-F733-4A2B-8F5A-DA59CFE142CC}.Debug|Any CPU.ActiveCfg = Debug|Any CPU
		{5ADA3288-F733-4A2B-8F5A-DA59CFE142CC}.Debug|Any CPU.Build.0 = Debug|Any CPU
		{5ADA3288-F733-4A2B-8F5A-DA59CFE142CC}.Release|Any CPU.ActiveCfg = Release|Any CPU
		{5ADA3288-F733-4A2B-8F5A-DA59CFE142CC}.Release|Any CPU.Build.0 = Release|Any CPU
	EndGlobalSection
	GlobalSection(SolutionProperties) = preSolution
		HideSolutionNode = FALSE
	EndGlobalSection
	GlobalSection(ExtensibilityGlobals) = postSolution
		SolutionGuid = {5DE6C1E0-569A-4B14-B857-5943F8BB9E09}
	EndGlobalSection
EndGlobal
